PODS:
  - Alamofire (4.0.1)
  - EVReflection (3.1.2)
  - XMLDictionary (1.4)

DEPENDENCIES:
  - Alamofire (from `https://github.com/Alamofire/Alamofire.git`)
  - EVReflection (from `https://github.com/evermeer/EVReflection.git`)
  - XMLDictionary

EXTERNAL SOURCES:
  Alamofire:
    :git: https://github.com/Alamofire/Alamofire.git
  EVReflection:
    :git: https://github.com/evermeer/EVReflection.git

CHECKOUT OPTIONS:
  Alamofire:
    :commit: b98fe26cb86c1c1227185d30b87bd57cb45fbe3c
    :git: https://github.com/Alamofire/Alamofire.git
  EVReflection:
    :commit: 232adc756b46b6af0eaa32eae3fa3587cf6dce06
    :git: https://github.com/evermeer/EVReflection.git

SPEC CHECKSUMS:
  Alamofire: 7682d43245de14874acd142ec137b144aa1dd335
  EVReflection: 102d8ca777db55200f48b80d9628c8d50fb4109d
  XMLDictionary: f9f51601ba76678b594ab485f2b00ec1fed23724

PODFILE CHECKSUM: 7d52529fe463b752155fdc75d6419008abac3e76

COCOAPODS: 1.1.0.rc.3
